
Microsoft Visual Studio Solution File, Format Version 12.00
# Visual Studio Version 17
VisualStudioVersion = 17.5.002.0
MinimumVisualStudioVersion = 10.0.40219.1
Project("{9A19103F-16F7-4668-BE54-9A1E7A4F7556}") = "NieuweVersie", "NieuweVersie.csproj", "{025902F0-EBC0-4334-9998-FB23D9816435}"
EndProject
Global
	GlobalSection(SolutionConfigurationPlatforms) = preSolution
		Debug|Any CPU = Debug|Any CPU
		Release|Any CPU = Release|Any CPU
	EndGlobalSection
	GlobalSection(ProjectConfigurationPlatforms) = postSolution
		{025902F0-EBC0-4334-9998-FB23D9816435}.Debug|Any CPU.ActiveCfg = Debug|Any CPU
		{025902F0-EBC0-4334-9998-FB23D9816435}.Debug|Any CPU.Build.0 = Debug|Any CPU
		{025902F0-EBC0-4334-9998-FB23D9816435}.Release|Any CPU.ActiveCfg = Release|Any CPU
		{025902F0-EBC0-4334-9998-FB23D9816435}.Release|Any CPU.Build.0 = Release|Any CPU
	EndGlobalSection
	GlobalSection(SolutionProperties) = preSolution
		HideSolutionNode = FALSE
	EndGlobalSection
	GlobalSection(ExtensibilityGlobals) = postSolution
		SolutionGuid = {9D228A98-3E99-4C3F-857F-32D91F939EF9}
	EndGlobalSection
EndGlobal
